Microsoft Visual Studio Solution File, Format Version 12.00
# Visual Studio Version 17
VisualStudioVersion = 17.8.0.0
MinimumVisualStudioVersion = 17.8.0.0
Project("{9A19103F-16F7-4668-BE54-9A1E7A4F7556}") = "SpaceExploration.AppHost", "SpaceExploration.AppHost\SpaceExploration.AppHost.csproj", "{895754E3-68F8-41FB-AA87-AF08A78DDE26}"
EndProject
Project("{9A19103F-16F7-4668-BE54-9A1E7A4F7556}") = "SpaceExploration.ServiceDefaults", "SpaceExploration.ServiceDefaults\SpaceExploration.ServiceDefaults.csproj", "{EB40FBD8-D6F6-47B2-891E-CA51B667CDD1}"
EndProject
Project("{FAE04EC0-301F-11D3-BF4B-00C04F79EFBC}") = "SpaceExploration.Game", "SpaceExploration.Game\SpaceExploration.Game.csproj", "{EC9D28C4-A126-4B36-8C7D-E0013A4D8AD6}"
EndProject
Project("{FAE04EC0-301F-11D3-BF4B-00C04F79EFBC}") = "SpaceExploration.TestClient", "SpaceExploration.TestClient\SpaceExploration.TestClient.csproj", "{57E29ECC-A0CA-41B8-9E0D-B6D512451971}"
EndProject
Project("{FAE04EC0-301F-11D3-BF4B-00C04F79EFBC}") = "SpaceExploration.Game.Tests", "SpaceExploration.Game.Tests\SpaceExploration.Game.Tests.csproj", "{80CEC73F-9B3F-45A2-8635-679BB8614DB1}"
EndProject
Project("{FAE04EC0-301F-11D3-BF4B-00C04F79EFBC}") = "SpaceExploration.Game.Ui", "SpaceExploration.Game.Ui\SpaceExploration.Game.Ui.csproj", "{E58B5471-3FF0-4EF6-81A4-060E3B013B9D}"
EndProject
Project("{FAE04EC0-301F-11D3-BF4B-00C04F79EFBC}") = "SpaceExploration.Cli", "SpaceExploration.Cli\SpaceExploration.Cli.csproj", "{BA855684-97E5-4D6E-9692-4D1FE408FF27}"
EndProject
Project("{FAE04EC0-301F-11D3-BF4B-00C04F79EFBC}") = "SpaceExploration.Game.Contracts.Planets", "SpaceExploration.Game.Contracts.Planets\SpaceExploration.Game.Contracts.Planets.csproj", "{76CF2ED5-736C-4DD3-9F53-2AD4B057EA28}"
EndProject
Project("{FAE04EC0-301F-11D3-BF4B-00C04F79EFBC}") = "SpaceExploration.Game.Contracts.Drones", "SpaceExploration.Game.Contracts.Drones\SpaceExploration.Game.Contracts.Drones.csproj", "{3D8ACE9F-1A35-487F-B9FE-8C15B450B37A}"
EndProject
Global
	GlobalSection(SolutionConfigurationPlatforms) = preSolution
		Debug|Any CPU = Debug|Any CPU
		Release|Any CPU = Release|Any CPU
	EndGlobalSection
	GlobalSection(ProjectConfigurationPlatforms) = postSolution
		{895754E3-68F8-41FB-AA87-AF08A78DDE26}.Debug|Any CPU.ActiveCfg = Debug|Any CPU
		{895754E3-68F8-41FB-AA87-AF08A78DDE26}.Debug|Any CPU.Build.0 = Debug|Any CPU
		{895754E3-68F8-41FB-AA87-AF08A78DDE26}.Release|Any CPU.ActiveCfg = Release|Any CPU
		{895754E3-68F8-41FB-AA87-AF08A78DDE26}.Release|Any CPU.Build.0 = Release|Any CPU
		{EB40FBD8-D6F6-47B2-891E-CA51B667CDD1}.Debug|Any CPU.ActiveCfg = Debug|Any CPU
		{EB40FBD8-D6F6-47B2-891E-CA51B667CDD1}.Debug|Any CPU.Build.0 = Debug|Any CPU
		{EB40FBD8-D6F6-47B2-891E-CA51B667CDD1}.Release|Any CPU.ActiveCfg = Release|Any CPU
		{EB40FBD8-D6F6-47B2-891E-CA51B667CDD1}.Release|Any CPU.Build.0 = Release|Any CPU
		{EC9D28C4-A126-4B36-8C7D-E0013A4D8AD6}.Debug|Any CPU.ActiveCfg = Debug|Any CPU
		{EC9D28C4-A126-4B36-8C7D-E0013A4D8AD6}.Debug|Any CPU.Build.0 = Debug|Any CPU
		{EC9D28C4-A126-4B36-8C7D-E0013A4D8AD6}.Release|Any CPU.ActiveCfg = Release|Any CPU
		{EC9D28C4-A126-4B36-8C7D-E0013A4D8AD6}.Release|Any CPU.Build.0 = Release|Any CPU
		{57E29ECC-A0CA-41B8-9E0D-B6D512451971}.Debug|Any CPU.ActiveCfg = Debug|Any CPU
		{57E29ECC-A0CA-41B8-9E0D-B6D512451971}.Debug|Any CPU.Build.0 = Debug|Any CPU
		{57E29ECC-A0CA-41B8-9E0D-B6D512451971}.Release|Any CPU.ActiveCfg = Release|Any CPU
		{57E29ECC-A0CA-41B8-9E0D-B6D512451971}.Release|Any CPU.Build.0 = Release|Any CPU
		{80CEC73F-9B3F-45A2-8635-679BB8614DB1}.Debug|Any CPU.ActiveCfg = Debug|Any CPU
		{80CEC73F-9B3F-45A2-8635-679BB8614DB1}.Debug|Any CPU.Build.0 = Debug|Any CPU
		{80CEC73F-9B3F-45A2-8635-679BB8614DB1}.Release|Any CPU.ActiveCfg = Release|Any CPU
		{80CEC73F-9B3F-45A2-8635-679BB8614DB1}.Release|Any CPU.Build.0 = Release|Any CPU
		{E58B5471-3FF0-4EF6-81A4-060E3B013B9D}.Debug|Any CPU.ActiveCfg = Debug|Any CPU
		{E58B5471-3FF0-4EF6-81A4-060E3B013B9D}.Debug|Any CPU.Build.0 = Debug|Any CPU
		{E58B5471-3FF0-4EF6-81A4-060E3B013B9D}.Release|Any CPU.ActiveCfg = Release|Any CPU
		{E58B5471-3FF0-4EF6-81A4-060E3B013B9D}.Release|Any CPU.Build.0 = Release|Any CPU
		{BA855684-97E5-4D6E-9692-4D1FE408FF27}.Debug|Any CPU.ActiveCfg = Debug|Any CPU
		{BA855684-97E5-4D6E-9692-4D1FE408FF27}.Debug|Any CPU.Build.0 = Debug|Any CPU
		{BA855684-97E5-4D6E-9692-4D1FE408FF27}.Release|Any CPU.ActiveCfg = Release|Any CPU
		{BA855684-97E5-4D6E-9692-4D1FE408FF27}.Release|Any CPU.Build.0 = Release|Any CPU
		{76CF2ED5-736C-4DD3-9F53-2AD4B057EA28}.Debug|Any CPU.ActiveCfg = Debug|Any CPU
		{76CF2ED5-736C-4DD3-9F53-2AD4B057EA28}.Debug|Any CPU.Build.0 = Debug|Any CPU
		{76CF2ED5-736C-4DD3-9F53-2AD4B057EA28}.Release|Any CPU.ActiveCfg = Release|Any CPU
		{76CF2ED5-736C-4DD3-9F53-2AD4B057EA28}.Release|Any CPU.Build.0 = Release|Any CPU
		{3D8ACE9F-1A35-487F-B9FE-8C15B450B37A}.Debug|Any CPU.ActiveCfg = Debug|Any CPU
		{3D8ACE9F-1A35-487F-B9FE-8C15B450B37A}.Debug|Any CPU.Build.0 = Debug|Any CPU
		{3D8ACE9F-1A35-487F-B9FE-8C15B450B37A}.Release|Any CPU.ActiveCfg = Release|Any CPU
		{3D8ACE9F-1A35-487F-B9FE-8C15B450B37A}.Release|Any CPU.Build.0 = Release|Any CPU
	EndGlobalSection
	GlobalSection(SolutionProperties) = preSolution
		HideSolutionNode = FALSE
	EndGlobalSection
	GlobalSection(ExtensibilityGlobals) = postSolution
		SolutionGuid = {8D126337-22A7-4F3C-B34D-978A020DAE6E}
	EndGlobalSection
EndGlobal
